
Microsoft Visual Studio Solution File, Format Version 12.00
# Visual Studio 15
Project("{FAE04EC0-301F-11D3-BF4B-00C04F79EFBC}") = "Assembly-CSharp", "Assembly-CSharp.csproj", "{F7B3D123-4037-94C8-2EBB-986B4ED5CAA4}"
EndProject
Project("{FAE04EC0-301F-11D3-BF4B-00C04F79EFBC}") = "VuforiaScripts", "VuforiaScripts.csproj", "{394DBCEF-785B-BBDE-9363-A604FA725A39}"
EndProject
Project("{FAE04EC0-301F-11D3-BF4B-00C04F79EFBC}") = "Assembly-CSharp-Editor", "Assembly-CSharp-Editor.csproj", "{E7D6321F-185F-F5B0-0493-0A8250E658BB}"
EndProject
Project("{FAE04EC0-301F-11D3-BF4B-00C04F79EFBC}") = "VuforiaEditorScripts", "VuforiaEditorScripts.csproj", "{B17045F7-F264-2E92-6CD8-FE4D8E8DC80F}"
EndProject
Global
	GlobalSection(SolutionConfigurationPlatforms) = preSolution
		Debug|Any CPU = Debug|Any CPU
		Release|Any CPU = Release|Any CPU
	EndGlobalSection
	GlobalSection(ProjectConfigurationPlatforms) = postSolution
		{F7B3D123-4037-94C8-2EBB-986B4ED5CAA4}.Debug|Any CPU.ActiveCfg = Debug|Any CPU
		{F7B3D123-4037-94C8-2EBB-986B4ED5CAA4}.Debug|Any CPU.Build.0 = Debug|Any CPU
		{F7B3D123-4037-94C8-2EBB-986B4ED5CAA4}.Release|Any CPU.ActiveCfg = Release|Any CPU
		{F7B3D123-4037-94C8-2EBB-986B4ED5CAA4}.Release|Any CPU.Build.0 = Release|Any CPU
		{394DBCEF-785B-BBDE-9363-A604FA725A39}.Debug|Any CPU.ActiveCfg = Debug|Any CPU
		{394DBCEF-785B-BBDE-9363-A604FA725A39}.Debug|Any CPU.Build.0 = Debug|Any CPU
		{394DBCEF-785B-BBDE-9363-A604FA725A39}.Release|Any CPU.ActiveCfg = Release|Any CPU
		{394DBCEF-785B-BBDE-9363-A604FA725A39}.Release|Any CPU.Build.0 = Release|Any CPU
		{E7D6321F-185F-F5B0-0493-0A8250E658BB}.Debug|Any CPU.ActiveCfg = Debug|Any CPU
		{E7D6321F-185F-F5B0-0493-0A8250E658BB}.Debug|Any CPU.Build.0 = Debug|Any CPU
		{E7D6321F-185F-F5B0-0493-0A8250E658BB}.Release|Any CPU.ActiveCfg = Release|Any CPU
		{E7D6321F-185F-F5B0-0493-0A8250E658BB}.Release|Any CPU.Build.0 = Release|Any CPU
		{B17045F7-F264-2E92-6CD8-FE4D8E8DC80F}.Debug|Any CPU.ActiveCfg = Debug|Any CPU
		{B17045F7-F264-2E92-6CD8-FE4D8E8DC80F}.Debug|Any CPU.Build.0 = Debug|Any CPU
		{B17045F7-F264-2E92-6CD8-FE4D8E8DC80F}.Release|Any CPU.ActiveCfg = Release|Any CPU
		{B17045F7-F264-2E92-6CD8-FE4D8E8DC80F}.Release|Any CPU.Build.0 = Release|Any CPU
	EndGlobalSection
	GlobalSection(SolutionProperties) = preSolution
		HideSolutionNode = FALSE
	EndGlobalSection
EndGlobal
